
Microsoft Visual Studio Solution File, Format Version 12.00
# Visual Studio Version 17
VisualStudioVersion = 17.10.35201.131
MinimumVisualStudioVersion = 10.0.40219.1
Project("{9A19103F-16F7-4668-BE54-9A1E7A4F7556}") = "testing-mandatory-backend", "testing-mandatory-backend\testing-mandatory-backend.csproj", "{5CFA0F33-DBDE-4D0A-956C-39FC6A46F855}"
EndProject
Project("{9A19103F-16F7-4668-BE54-9A1E7A4F7556}") = "testing-mandatory-backend.Tests", "testing-mandatory-backend.Tests\testing-mandatory-backend.Tests.csproj", "{50465577-F039-4C69-8C07-A54E52D0AEB7}"
EndProject
Project("{2150E333-8FDC-42A3-9474-1A3956D46DE8}") = "Solution Items", "Solution Items", "{09314E6D-88E0-40FF-972E-42210F53CD0F}"
	ProjectSection(SolutionItems) = preProject
		.gitignore = .gitignore
	EndProjectSection
EndProject
Global
	GlobalSection(SolutionConfigurationPlatforms) = preSolution
		Debug|Any CPU = Debug|Any CPU
		Release|Any CPU = Release|Any CPU
	EndGlobalSection
	GlobalSection(ProjectConfigurationPlatforms) = postSolution
		{5CFA0F33-DBDE-4D0A-956C-39FC6A46F855}.Debug|Any CPU.ActiveCfg = Debug|Any CPU
		{5CFA0F33-DBDE-4D0A-956C-39FC6A46F855}.Debug|Any CPU.Build.0 = Debug|Any CPU
		{5CFA0F33-DBDE-4D0A-956C-39FC6A46F855}.Release|Any CPU.ActiveCfg = Release|Any CPU
		{5CFA0F33-DBDE-4D0A-956C-39FC6A46F855}.Release|Any CPU.Build.0 = Release|Any CPU
		{50465577-F039-4C69-8C07-A54E52D0AEB7}.Debug|Any CPU.ActiveCfg = Debug|Any CPU
		{50465577-F039-4C69-8C07-A54E52D0AEB7}.Debug|Any CPU.Build.0 = Debug|Any CPU
		{50465577-F039-4C69-8C07-A54E52D0AEB7}.Release|Any CPU.ActiveCfg = Release|Any CPU
		{50465577-F039-4C69-8C07-A54E52D0AEB7}.Release|Any CPU.Build.0 = Release|Any CPU
	EndGlobalSection
	GlobalSection(SolutionProperties) = preSolution
		HideSolutionNode = FALSE
	EndGlobalSection
	GlobalSection(ExtensibilityGlobals) = postSolution
		SolutionGuid = {FAFD6A3B-9089-4E49-A2B5-9A15CCA5A6C4}
	EndGlobalSection
EndGlobal
